
Microsoft Visual Studio Solution File, Format Version 12.00
# Visual Studio Version 16
VisualStudioVersion = 16.0.30523.141
MinimumVisualStudioVersion = 10.0.40219.1
Project("{FAE04EC0-301F-11D3-BF4B-00C04F79EFBC}") = "ExpenseIt", "ExpenseIt.csproj", "{DCDF2B2E-ABA3-4629-8BF5-C8B0B92C13D7}"
EndProject
Global
	GlobalSection(SolutionConfigurationPlatforms) = preSolution
		Debug|Any CPU = Debug|Any CPU
		Release|Any CPU = Release|Any CPU
	EndGlobalSection
	GlobalSection(ProjectConfigurationPlatforms) = postSolution
		{DCDF2B2E-ABA3-4629-8BF5-C8B0B92C13D7}.Debug|Any CPU.ActiveCfg = Debug|Any CPU
		{DCDF2B2E-ABA3-4629-8BF5-C8B0B92C13D7}.Debug|Any CPU.Build.0 = Debug|Any CPU
		{DCDF2B2E-ABA3-4629-8BF5-C8B0B92C13D7}.Release|Any CPU.ActiveCfg = Release|Any CPU
		{DCDF2B2E-ABA3-4629-8BF5-C8B0B92C13D7}.Release|Any CPU.Build.0 = Release|Any CPU
	EndGlobalSection
	GlobalSection(SolutionProperties) = preSolution
		HideSolutionNode = FALSE
	EndGlobalSection
	GlobalSection(ExtensibilityGlobals) = postSolution
		SolutionGuid = {971EB93E-36E2-491E-BC65-891124B78758}
	EndGlobalSection
EndGlobal
